// !$*UTF8*$!
{
	archiveVersion = 1;
	classes = {
	};
	objectVersion = 56;
	objects = {

/* Begin PBXBuildFile section */
		7211DA0E2B7CD1920010ACBA /* ViewControllerSnap.swift in Sources */ = {isa = PBXBuildFile; fileRef = 7211DA0D2B7CD1920010ACBA /* ViewControllerSnap.swift */; };
		7211DA142B7CDCAD0010ACBA /* GoogleService-Info.plist in Resources */ = {isa = PBXBuildFile; fileRef = 7211DA132B7CDCAD0010ACBA /* GoogleService-Info.plist */; };
		7211DA172B7CE2A50010ACBA /* Singleton.swift in Sources */ = {isa = PBXBuildFile; fileRef = 7211DA162B7CE2A50010ACBA /* Singleton.swift */; };
		7286FCDD2B7CB47F00F0E2AF /* AppDelegate.swift in Sources */ = {isa = PBXBuildFile; fileRef = 7286FCDC2B7CB47F00F0E2AF /* AppDelegate.swift */; };
		7286FCDF2B7CB47F00F0E2AF /* SceneDelegate.swift in Sources */ = {isa = PBXBuildFile; fileRef = 7286FCDE2B7CB47F00F0E2AF /* SceneDelegate.swift */; };
		7286FCE12B7CB47F00F0E2AF /* ViewControllerSign.swift in Sources */ = {isa = PBXBuildFile; fileRef = 7286FCE02B7CB47F00F0E2AF /* ViewControllerSign.swift */; };
		7286FCE42B7CB47F00F0E2AF /* Main.storyboard in Resources */ = {isa = PBXBuildFile; fileRef = 7286FCE22B7CB47F00F0E2AF /* Main.storyboard */; };
		7286FCE62B7CB48000F0E2AF /* Assets.xcassets in Resources */ = {isa = PBXBuildFile; fileRef = 7286FCE52B7CB48000F0E2AF /* Assets.xcassets */; };
		7286FCE92B7CB48000F0E2AF /* LaunchScreen.storyboard in Resources */ = {isa = PBXBuildFile; fileRef = 7286FCE72B7CB48000F0E2AF /* LaunchScreen.storyboard */; };
		7286FCF42B7CB59A00F0E2AF /* FirebaseAnalytics in Frameworks */ = {isa = PBXBuildFile; productRef = 7286FCF32B7CB59A00F0E2AF /* FirebaseAnalytics */; };
		7286FCF62B7CB59A00F0E2AF /* FirebaseAuth in Frameworks */ = {isa = PBXBuildFile; productRef = 7286FCF52B7CB59A00F0E2AF /* FirebaseAuth */; };
		7286FCF82B7CB59A00F0E2AF /* FirebaseFirestoreCombine-Community in Frameworks */ = {isa = PBXBuildFile; productRef = 7286FCF72B7CB59A00F0E2AF /* FirebaseFirestoreCombine-Community */; };
		7286FCFA2B7CB59A00F0E2AF /* FirebaseStorage in Frameworks */ = {isa = PBXBuildFile; productRef = 7286FCF92B7CB59A00F0E2AF /* FirebaseStorage */; };
		7286FCFC2B7CBC5C00F0E2AF /* ViewControllerFeed.swift in Sources */ = {isa = PBXBuildFile; fileRef = 7286FCFB2B7CBC5C00F0E2AF /* ViewControllerFeed.swift */; };
		7286FCFE2B7CBC6700F0E2AF /* ViewControllerUpload.swift in Sources */ = {isa = PBXBuildFile; fileRef = 7286FCFD2B7CBC6700F0E2AF /* ViewControllerUpload.swift */; };
		7286FD002B7CBC7100F0E2AF /* ViewControllerSettings.swift in Sources */ = {isa = PBXBuildFile; fileRef = 7286FCFF2B7CBC7100F0E2AF /* ViewControllerSettings.swift */; };
		72BA74F72B7E11F60044BE21 /* TableViewCellfeed.swift in Sources */ = {isa = PBXBuildFile; fileRef = 72BA74F62B7E11F60044BE21 /* TableViewCellfeed.swift */; };
		72BA74F92B7E16A60044BE21 /* singleton2.swift in Sources */ = {isa = PBXBuildFile; fileRef = 72BA74F82B7E16A60044BE21 /* singleton2.swift */; };
		72BA74FF2B7E31880044BE21 /* ImageSlideshow in Frameworks */ = {isa = PBXBuildFile; productRef = 72BA74FE2B7E31880044BE21 /* ImageSlideshow */; };
		72BA75032B7E31880044BE21 /* ImageSlideshow/Kingfisher in Frameworks */ = {isa = PBXBuildFile; productRef = 72BA75022B7E31880044BE21 /* ImageSlideshow/Kingfisher */; };
		72BA75072B7E36750044BE21 /* ViewControllersignup.swift in Sources */ = {isa = PBXBuildFile; fileRef = 72BA75062B7E36740044BE21 /* ViewControllersignup.swift */; };
/* End PBXBuildFile section */

/* Begin PBXFileReference section */
		7211DA0D2B7CD1920010ACBA /* ViewControllerSnap.swift */ = {isa = PBXFileReference; lastKnownFileType = sourcecode.swift; path = ViewControllerSnap.swift; sourceTree = "<group>"; };
		7211DA132B7CDCAD0010ACBA /* GoogleService-Info.plist */ = {isa = PBXFileReference; fileEncoding = 4; lastKnownFileType = text.plist.xml; path = "GoogleService-Info.plist"; sourceTree = "<group>"; };
		7211DA162B7CE2A50010ACBA /* Singleton.swift */ = {isa = PBXFileReference; lastKnownFileType = sourcecode.swift; path = Singleton.swift; sourceTree = "<group>"; };
		7286FCD92B7CB47F00F0E2AF /* SnapchatClone.app */ = {isa = PBXFileReference; explicitFileType = wrapper.application; includeInIndex = 0; path = SnapchatClone.app; sourceTree = BUILT_PRODUCTS_DIR; };
		7286FCDC2B7CB47F00F0E2AF /* AppDelegate.swift */ = {isa = PBXFileReference; lastKnownFileType = sourcecode.swift; path = AppDelegate.swift; sourceTree = "<group>"; };
		7286FCDE2B7CB47F00F0E2AF /* SceneDelegate.swift */ = {isa = PBXFileReference; lastKnownFileType = sourcecode.swift; path = SceneDelegate.swift; sourceTree = "<group>"; };
		7286FCE02B7CB47F00F0E2AF /* ViewControllerSign.swift */ = {isa = PBXFileReference; lastKnownFileType = sourcecode.swift; path = ViewControllerSign.swift; sourceTree = "<group>"; };
		7286FCE32B7CB47F00F0E2AF /* Base */ = {isa = PBXFileReference; lastKnownFileType = file.storyboard; name = Base; path = Base.lproj/Main.storyboard; sourceTree = "<group>"; };
		7286FCE52B7CB48000F0E2AF /* Assets.xcassets */ = {isa = PBXFileReference; lastKnownFileType = folder.assetcatalog; path = Assets.xcassets; sourceTree = "<group>"; };
		7286FCE82B7CB48000F0E2AF /* Base */ = {isa = PBXFileReference; lastKnownFileType = file.storyboard; name = Base; path = Base.lproj/LaunchScreen.storyboard; sourceTree = "<group>"; };
		7286FCEA2B7CB48000F0E2AF /* Info.plist */ = {isa = PBXFileReference; lastKnownFileType = text.plist.xml; path = Info.plist; sourceTree = "<group>"; };
		7286FCFB2B7CBC5C00F0E2AF /* ViewControllerFeed.swift */ = {isa = PBXFileReference; lastKnownFileType = sourcecode.swift; path = ViewControllerFeed.swift; sourceTree = "<group>"; };
		7286FCFD2B7CBC6700F0E2AF /* ViewControllerUpload.swift */ = {isa = PBXFileReference; lastKnownFileType = sourcecode.swift; path = ViewControllerUpload.swift; sourceTree = "<group>"; };
		7286FCFF2B7CBC7100F0E2AF /* ViewControllerSettings.swift */ = {isa = PBXFileReference; lastKnownFileType = sourcecode.swift; path = ViewControllerSettings.swift; sourceTree = "<group>"; };
		72BA74F62B7E11F60044BE21 /* TableViewCellfeed.swift */ = {isa = PBXFileReference; lastKnownFileType = sourcecode.swift; path = TableViewCellfeed.swift; sourceTree = "<group>"; };
		72BA74F82B7E16A60044BE21 /* singleton2.swift */ = {isa = PBXFileReference; lastKnownFileType = sourcecode.swift; path = singleton2.swift; sourceTree = "<group>"; };
		72BA75062B7E36740044BE21 /* ViewControllersignup.swift */ = {isa = PBXFileReference; lastKnownFileType = sourcecode.swift; path = ViewControllersignup.swift; sourceTree = "<group>"; };
/* End PBXFileReference section */

/* Begin PBXFrameworksBuildPhase section */
		7286FCD62B7CB47F00F0E2AF /* Frameworks */ = {
			isa = PBXFrameworksBuildPhase;
			buildActionMask = 2147483647;
			files = (
				7286FCF82B7CB59A00F0E2AF /* FirebaseFirestoreCombine-Community in Frameworks */,
				72BA75032B7E31880044BE21 /* ImageSlideshow/Kingfisher in Frameworks */,
				72BA74FF2B7E31880044BE21 /* ImageSlideshow in Frameworks */,
				7286FCFA2B7CB59A00F0E2AF /* FirebaseStorage in Frameworks */,
				7286FCF42B7CB59A00F0E2AF /* FirebaseAnalytics in Frameworks */,
				7286FCF62B7CB59A00F0E2AF /* FirebaseAuth in Frameworks */,
			);
			runOnlyForDeploymentPostprocessing = 0;
		};
/* End PBXFrameworksBuildPhase section */

/* Begin PBXGroup section */
		7211DA152B7CE28D0010ACBA /* Model */ = {
			isa = PBXGroup;
			children = (
				7211DA162B7CE2A50010ACBA /* Singleton.swift */,
				72BA74F82B7E16A60044BE21 /* singleton2.swift */,
			);
			path = Model;
			sourceTree = "<group>";
		};
		7286FCD02B7CB47F00F0E2AF = {
			isa = PBXGroup;
			children = (
				7211DA152B7CE28D0010ACBA /* Model */,
				7286FCDB2B7CB47F00F0E2AF /* SnapchatClone */,
				7286FCDA2B7CB47F00F0E2AF /* Products */,
			);
			sourceTree = "<group>";
		};
		7286FCDA2B7CB47F00F0E2AF /* Products */ = {
			isa = PBXGroup;
			children = (
				7286FCD92B7CB47F00F0E2AF /* SnapchatClone.app */,
			);
			name = Products;
			sourceTree = "<group>";
		};
		7286FCDB2B7CB47F00F0E2AF /* SnapchatClone */ = {
			isa = PBXGroup;
			children = (
				7286FCDC2B7CB47F00F0E2AF /* AppDelegate.swift */,
				7286FCDE2B7CB47F00F0E2AF /* SceneDelegate.swift */,
				7286FCE02B7CB47F00F0E2AF /* ViewControllerSign.swift */,
				72BA75062B7E36740044BE21 /* ViewControllersignup.swift */,
				7286FCFB2B7CBC5C00F0E2AF /* ViewControllerFeed.swift */,
				7286FCFD2B7CBC6700F0E2AF /* ViewControllerUpload.swift */,
				7286FCFF2B7CBC7100F0E2AF /* ViewControllerSettings.swift */,
				7211DA0D2B7CD1920010ACBA /* ViewControllerSnap.swift */,
				72BA74F62B7E11F60044BE21 /* TableViewCellfeed.swift */,
				7286FCE22B7CB47F00F0E2AF /* Main.storyboard */,
				7286FCE52B7CB48000F0E2AF /* Assets.xcassets */,
				7286FCE72B7CB48000F0E2AF /* LaunchScreen.storyboard */,
				7286FCEA2B7CB48000F0E2AF /* Info.plist */,
				7211DA132B7CDCAD0010ACBA /* GoogleService-Info.plist */,
			);
			path = SnapchatClone;
			sourceTree = "<group>";
		};
/* End PBXGroup section */

/* Begin PBXNativeTarget section */
		7286FCD82B7CB47F00F0E2AF /* SnapchatClone */ = {
			isa = PBXNativeTarget;
			buildConfigurationList = 7286FCED2B7CB48000F0E2AF /* Build configuration list for PBXNativeTarget "SnapchatClone" */;
			buildPhases = (
				7286FCD52B7CB47F00F0E2AF /* Sources */,
				7286FCD62B7CB47F00F0E2AF /* Frameworks */,
				7286FCD72B7CB47F00F0E2AF /* Resources */,
			);
			buildRules = (
			);
			dependencies = (
			);
			name = SnapchatClone;
			packageProductDependencies = (
				7286FCF32B7CB59A00F0E2AF /* FirebaseAnalytics */,
				7286FCF52B7CB59A00F0E2AF /* FirebaseAuth */,
				7286FCF72B7CB59A00F0E2AF /* FirebaseFirestoreCombine-Community */,
				7286FCF92B7CB59A00F0E2AF /* FirebaseStorage */,
				72BA74FE2B7E31880044BE21 /* ImageSlideshow */,
				72BA75022B7E31880044BE21 /* ImageSlideshow/Kingfisher */,
			);
			productName = SnapchatClone;
			productReference = 7286FCD92B7CB47F00F0E2AF /* SnapchatClone.app */;
			productType = "com.apple.product-type.application";
		};
/* End PBXNativeTarget section */

/* Begin PBXProject section */
		7286FCD12B7CB47F00F0E2AF /* Project object */ = {
			isa = PBXProject;
			attributes = {
				BuildIndependentTargetsInParallel = 1;
				LastSwiftUpdateCheck = 1520;
				LastUpgradeCheck = 1520;
				TargetAttributes = {
					7286FCD82B7CB47F00F0E2AF = {
						CreatedOnToolsVersion = 15.2;
					};
				};
			};
			buildConfigurationList = 7286FCD42B7CB47F00F0E2AF /* Build configuration list for PBXProject "SnapchatClone" */;
			compatibilityVersion = "Xcode 14.0";
			developmentRegion = en;
			hasScannedForEncodings = 0;
			knownRegions = (
				en,
				Base,
			);
			mainGroup = 7286FCD02B7CB47F00F0E2AF;
			packageReferences = (
				7286FCF22B7CB59A00F0E2AF /* XCRemoteSwiftPackageReference "firebase-ios-sdk" */,
				72BA74FD2B7E2E5A0044BE21 /* XCRemoteSwiftPackageReference "ImageSlideshow" */,
			);
			productRefGroup = 7286FCDA2B7CB47F00F0E2AF /* Products */;
			projectDirPath = "";
			projectRoot = "";
			targets = (
				7286FCD82B7CB47F00F0E2AF /* SnapchatClone */,
			);
		};
/* End PBXProject section */

/* Begin PBXResourcesBuildPhase section */
		7286FCD72B7CB47F00F0E2AF /* Resources */ = {
			isa = PBXResourcesBuildPhase;
			buildActionMask = 2147483647;
			files = (
				7286FCE92B7CB48000F0E2AF /* LaunchScreen.storyboard in Resources */,
				7211DA142B7CDCAD0010ACBA /* GoogleService-Info.plist in Resources */,
				7286FCE62B7CB48000F0E2AF /* Assets.xcassets in Resources */,
				7286FCE42B7CB47F00F0E2AF /* Main.storyboard in Resources */,
			);
			runOnlyForDeploymentPostprocessing = 0;
		};
/* End PBXResourcesBuildPhase section */

/* Begin PBXSourcesBuildPhase section */
		7286FCD52B7CB47F00F0E2AF /* Sources */ = {
			isa = PBXSourcesBuildPhase;
			buildActionMask = 2147483647;
			files = (
				7286FCE12B7CB47F00F0E2AF /* ViewControllerSign.swift in Sources */,
				7286FCDD2B7CB47F00F0E2AF /* AppDelegate.swift in Sources */,
				72BA74F92B7E16A60044BE21 /* singleton2.swift in Sources */,
				7286FCFC2B7CBC5C00F0E2AF /* ViewControllerFeed.swift in Sources */,
				7286FCDF2B7CB47F00F0E2AF /* SceneDelegate.swift in Sources */,
				72BA74F72B7E11F60044BE21 /* TableViewCellfeed.swift in Sources */,
				7286FCFE2B7CBC6700F0E2AF /* ViewControllerUpload.swift in Sources */,
				7211DA172B7CE2A50010ACBA /* Singleton.swift in Sources */,
				7286FD002B7CBC7100F0E2AF /* ViewControllerSettings.swift in Sources */,
				72BA75072B7E36750044BE21 /* ViewControllersignup.swift in Sources */,
				7211DA0E2B7CD1920010ACBA /* ViewControllerSnap.swift in Sources */,
			);
			runOnlyForDeploymentPostprocessing = 0;
		};
/* End PBXSourcesBuildPhase section */

/* Begin PBXVariantGroup section */
		7286FCE22B7CB47F00F0E2AF /* Main.storyboard */ = {
			isa = PBXVariantGroup;
			children = (
				7286FCE32B7CB47F00F0E2AF /* Base */,
			);
			name = Main.storyboard;
			sourceTree = "<group>";
		};
		7286FCE72B7CB48000F0E2AF /* LaunchScreen.storyboard */ = {
			isa = PBXVariantGroup;
			children = (
				7286FCE82B7CB48000F0E2AF /* Base */,
			);
			name = LaunchScreen.storyboard;
			sourceTree = "<group>";
		};
/* End PBXVariantGroup section */

/* Begin XCBuildConfiguration section */
		7286FCEB2B7CB48000F0E2AF /* Debug */ = {
			isa = XCBuildConfiguration;
			buildSettings = {
				ALWAYS_SEARCH_USER_PATHS = NO;
				ASSETCATALOG_COMPILER_GENERATE_SWIFT_ASSET_SYMBOL_EXTENSIONS = YES;
				CLANG_ANALYZER_NONNULL = YES;
				CLANG_ANALYZER_NUMBER_OBJECT_CONVERSION = YES_AGGRESSIVE;
				CLANG_CXX_LANGUAGE_STANDARD = "gnu++20";
				CLANG_ENABLE_MODULES = YES;
				CLANG_ENABLE_OBJC_ARC = YES;
				CLANG_ENABLE_OBJC_WEAK = YES;
				CLANG_WARN_BLOCK_CAPTURE_AUTORELEASING = YES;
				CLANG_WARN_BOOL_CONVERSION = YES;
				CLANG_WARN_COMMA = YES;
				CLANG_WARN_CONSTANT_CONVERSION = YES;
				CLANG_WARN_DEPRECATED_OBJC_IMPLEMENTATIONS = YES;
				CLANG_WARN_DIRECT_OBJC_ISA_USAGE = YES_ERROR;
				CLANG_WARN_DOCUMENTATION_COMMENTS = YES;
				CLANG_WARN_EMPTY_BODY = YES;
				CLANG_WARN_ENUM_CONVERSION = YES;
				CLANG_WARN_INFINITE_RECURSION = YES;
				CLANG_WARN_INT_CONVERSION = YES;
				CLANG_WARN_NON_LITERAL_NULL_CONVERSION = YES;
				CLANG_WARN_OBJC_IMPLICIT_RETAIN_SELF = YES;
				CLANG_WARN_OBJC_LITERAL_CONVERSION = YES;
				CLANG_WARN_OBJC_ROOT_CLASS = YES_ERROR;
				CLANG_WARN_QUOTED_INCLUDE_IN_FRAMEWORK_HEADER = YES;
				CLANG_WARN_RANGE_LOOP_ANALYSIS = YES;
				CLANG_WARN_STRICT_PROTOTYPES = YES;
				CLANG_WARN_SUSPICIOUS_MOVE = YES;
				CLANG_WARN_UNGUARDED_AVAILABILITY = YES_AGGRESSIVE;
				CLANG_WARN_UNREACHABLE_CODE = YES;
				CLANG_WARN__DUPLICATE_METHOD_MATCH = YES;
				COPY_PHASE_STRIP = NO;
				DEBUG_INFORMATION_FORMAT = dwarf;
				ENABLE_STRICT_OBJC_MSGSEND = YES;
				ENABLE_TESTABILITY = YES;
				ENABLE_USER_SCRIPT_SANDBOXING = YES;
				GCC_C_LANGUAGE_STANDARD = gnu17;
				GCC_DYNAMIC_NO_PIC = NO;
				GCC_NO_COMMON_BLOCKS = YES;
				GCC_OPTIMIZATION_LEVEL = 0;
				GCC_PREPROCESSOR_DEFINITIONS = (
					"DEBUG=1",
					"$(inherited)",
				);
				GCC_WARN_64_TO_32_BIT_CONVERSION = YES;
				GCC_WARN_ABOUT_RETURN_TYPE = YES_ERROR;
				GCC_WARN_UNDECLARED_SELECTOR = YES;
				GCC_WARN_UNINITIALIZED_AUTOS = YES_AGGRESSIVE;
				GCC_WARN_UNUSED_FUNCTION = YES;
				GCC_WARN_UNUSED_VARIABLE = YES;
				IPHONEOS_DEPLOYMENT_TARGET = 17.2;
				LOCALIZATION_PREFERS_STRING_CATALOGS = YES;
				MTL_ENABLE_DEBUG_INFO = INCLUDE_SOURCE;
				MTL_FAST_MATH = YES;
				ONLY_ACTIVE_ARCH = YES;
				SDKROOT = iphoneos;
				SWIFT_ACTIVE_COMPILATION_CONDITIONS = "DEBUG $(inherited)";
				SWIFT_OPTIMIZATION_LEVEL = "-Onone";
			};
			name = Debug;
		};
		7286FCEC2B7CB48000F0E2AF /* Release */ = {
			isa = XCBuildConfiguration;
			buildSettings = {
				ALWAYS_SEARCH_USER_PATHS = NO;
				ASSETCATALOG_COMPILER_GENERATE_SWIFT_ASSET_SYMBOL_EXTENSIONS = YES;
				CLANG_ANALYZER_NONNULL = YES;
				CLANG_ANALYZER_NUMBER_OBJECT_CONVERSION = YES_AGGRESSIVE;
				CLANG_CXX_LANGUAGE_STANDARD = "gnu++20";
				CLANG_ENABLE_MODULES = YES;
				CLANG_ENABLE_OBJC_ARC = YES;
				CLANG_ENABLE_OBJC_WEAK = YES;
				CLANG_WARN_BLOCK_CAPTURE_AUTORELEASING = YES;
				CLANG_WARN_BOOL_CONVERSION = YES;
				CLANG_WARN_COMMA = YES;
				CLANG_WARN_CONSTANT_CONVERSION = YES;
				CLANG_WARN_DEPRECATED_OBJC_IMPLEMENTATIONS = YES;
				CLANG_WARN_DIRECT_OBJC_ISA_USAGE = YES_ERROR;
				CLANG_WARN_DOCUMENTATION_COMMENTS = YES;
				CLANG_WARN_EMPTY_BODY = YES;
				CLANG_WARN_ENUM_CONVERSION = YES;
				CLANG_WARN_INFINITE_RECURSION = YES;
				CLANG_WARN_INT_CONVERSION = YES;
				CLANG_WARN_NON_LITERAL_NULL_CONVERSION = YES;
				CLANG_WARN_OBJC_IMPLICIT_RETAIN_SELF = YES;
				CLANG_WARN_OBJC_LITERAL_CONVERSION = YES;
				CLANG_WARN_OBJC_ROOT_CLASS = YES_ERROR;
				CLANG_WARN_QUOTED_INCLUDE_IN_FRAMEWORK_HEADER = YES;
				CLANG_WARN_RANGE_LOOP_ANALYSIS = YES;
				CLANG_WARN_STRICT_PROTOTYPES = YES;
				CLANG_WARN_SUSPICIOUS_MOVE = YES;
				CLANG_WARN_UNGUARDED_AVAILABILITY = YES_AGGRESSIVE;
				CLANG_WARN_UNREACHABLE_CODE = YES;
				CLANG_WARN__DUPLICATE_METHOD_MATCH = YES;
				COPY_PHASE_STRIP = NO;
				DEBUG_INFORMATION_FORMAT = "dwarf-with-dsym";
				ENABLE_NS_ASSERTIONS = NO;
				ENABLE_STRICT_OBJC_MSGSEND = YES;
				ENABLE_USER_SCRIPT_SANDBOXING = YES;
				GCC_C_LANGUAGE_STANDARD = gnu17;
				GCC_NO_COMMON_BLOCKS = YES;
				GCC_WARN_64_TO_32_BIT_CONVERSION = YES;
				GCC_WARN_ABOUT_RETURN_TYPE = YES_ERROR;
				GCC_WARN_UNDECLARED_SELECTOR = YES;
				GCC_WARN_UNINITIALIZED_AUTOS = YES_AGGRESSIVE;
				GCC_WARN_UNUSED_FUNCTION = YES;
				GCC_WARN_UNUSED_VARIABLE = YES;
				IPHONEOS_DEPLOYMENT_TARGET = 17.2;
				LOCALIZATION_PREFERS_STRING_CATALOGS = YES;
				MTL_ENABLE_DEBUG_INFO = NO;
				MTL_FAST_MATH = YES;
				SDKROOT = iphoneos;
				SWIFT_COMPILATION_MODE = wholemodule;
				VALIDATE_PRODUCT = YES;
			};
			name = Release;
		};
		7286FCEE2B7CB48000F0E2AF /* Debug */ = {
			isa = XCBuildConfiguration;
			buildSettings = {
				ASSETCATALOG_COMPILER_APPICON_NAME = AppIcon;
				ASSETCATALOG_COMPILER_GLOBAL_ACCENT_COLOR_NAME = AccentColor;
				CODE_SIGN_STYLE = Automatic;
				CURRENT_PROJECT_VERSION = 1;
				DEVELOPMENT_TEAM = JW6R4D4594;
				GENERATE_INFOPLIST_FILE = YES;
				INFOPLIST_FILE = SnapchatClone/Info.plist;
				INFOPLIST_KEY_UIApplicationSupportsIndirectInputEvents = YES;
				INFOPLIST_KEY_UILaunchStoryboardName = LaunchScreen;
				INFOPLIST_KEY_UIMainStoryboardFile = Main;
				INFOPLIST_KEY_UISupportedInterfaceOrientations_iPad = "UIInterfaceOrientationPortrait UIInterfaceOrientationPortraitUpsideDown UIInterfaceOrientationLandscapeLeft UIInterfaceOrientationLandscapeRight";
				INFOPLIST_KEY_UISupportedInterfaceOrientations_iPhone = "UIInterfaceOrientationPortrait UIInterfaceOrientationLandscapeLeft UIInterfaceOrientationLandscapeRight";
				LD_RUNPATH_SEARCH_PATHS = (
					"$(inherited)",
					"@executable_path/Frameworks",
				);
				MARKETING_VERSION = 1.0;
				PRODUCT_BUNDLE_IDENTIFIER = com.mef.SnapchatClone;
				PRODUCT_NAME = "$(TARGET_NAME)";
				SWIFT_EMIT_LOC_STRINGS = YES;
				SWIFT_VERSION = 5.0;
				TARGETED_DEVICE_FAMILY = "1,2";
			};
			name = Debug;
		};
		7286FCEF2B7CB48000F0E2AF /* Release */ = {
			isa = XCBuildConfiguration;
			buildSettings = {
				ASSETCATALOG_COMPILER_APPICON_NAME = AppIcon;
				ASSETCATALOG_COMPILER_GLOBAL_ACCENT_COLOR_NAME = AccentColor;
				CODE_SIGN_STYLE = Automatic;
				CURRENT_PROJECT_VERSION = 1;
				DEVELOPMENT_TEAM = JW6R4D4594;
				GENERATE_INFOPLIST_FILE = YES;
				INFOPLIST_FILE = SnapchatClone/Info.plist;
				INFOPLIST_KEY_UIApplicationSupportsIndirectInputEvents = YES;
				INFOPLIST_KEY_UILaunchStoryboardName = LaunchScreen;
				INFOPLIST_KEY_UIMainStoryboardFile = Main;
				INFOPLIST_KEY_UISupportedInterfaceOrientations_iPad = "UIInterfaceOrientationPortrait UIInterfaceOrientationPortraitUpsideDown UIInterfaceOrientationLandscapeLeft UIInterfaceOrientationLandscapeRight";
				INFOPLIST_KEY_UISupportedInterfaceOrientations_iPhone = "UIInterfaceOrientationPortrait UIInterfaceOrientationLandscapeLeft UIInterfaceOrientationLandscapeRight";
				LD_RUNPATH_SEARCH_PATHS = (
					"$(inherited)",
					"@executable_path/Frameworks",
				);
				MARKETING_VERSION = 1.0;
				PRODUCT_BUNDLE_IDENTIFIER = com.mef.SnapchatClone;
				PRODUCT_NAME = "$(TARGET_NAME)";
				SWIFT_EMIT_LOC_STRINGS = YES;
				SWIFT_VERSION = 5.0;
				TARGETED_DEVICE_FAMILY = "1,2";
			};
			name = Release;
		};
/* End XCBuildConfiguration section */

/* Begin XCConfigurationList section */
		7286FCD42B7CB47F00F0E2AF /* Build configuration list for PBXProject "SnapchatClone" */ = {
			isa = XCConfigurationList;
			buildConfigurations = (
				7286FCEB2B7CB48000F0E2AF /* Debug */,
				7286FCEC2B7CB48000F0E2AF /* Release */,
			);
			defaultConfigurationIsVisible = 0;
			defaultConfigurationName = Release;
		};
		7286FCED2B7CB48000F0E2AF /* Build configuration list for PBXNativeTarget "SnapchatClone" */ = {
			isa = XCConfigurationList;
			buildConfigurations = (
				7286FCEE2B7CB48000F0E2AF /* Debug */,
				7286FCEF2B7CB48000F0E2AF /* Release */,
			);
			defaultConfigurationIsVisible = 0;
			defaultConfigurationName = Release;
		};
/* End XCConfigurationList section */

/* Begin XCRemoteSwiftPackageReference section */
		7286FCF22B7CB59A00F0E2AF /* XCRemoteSwiftPackageReference "firebase-ios-sdk" */ = {
			isa = XCRemoteSwiftPackageReference;
			repositoryURL = "https://github.com/firebase/firebase-ios-sdk";
			requirement = {
				kind = upToNextMajorVersion;
				minimumVersion = 10.21.0;
			};
		};
		72BA74FD2B7E2E5A0044BE21 /* XCRemoteSwiftPackageReference "ImageSlideshow" */ = {
			isa = XCRemoteSwiftPackageReference;
			repositoryURL = "https://github.com/zvonicek/ImageSlideshow";
			requirement = {
				kind = upToNextMajorVersion;
				minimumVersion = 1.9.2;
			};
		};
/* End XCRemoteSwiftPackageReference section */

/* Begin XCSwiftPackageProductDependency section */
		7286FCF32B7CB59A00F0E2AF /* FirebaseAnalytics */ = {
			isa = XCSwiftPackageProductDependency;
			package = 7286FCF22B7CB59A00F0E2AF /* XCRemoteSwiftPackageReference "firebase-ios-sdk" */;
			productName = FirebaseAnalytics;
		};
		7286FCF52B7CB59A00F0E2AF /* FirebaseAuth */ = {
			isa = XCSwiftPackageProductDependency;
			package = 7286FCF22B7CB59A00F0E2AF /* XCRemoteSwiftPackageReference "firebase-ios-sdk" */;
			productName = FirebaseAuth;
		};
		7286FCF72B7CB59A00F0E2AF /* FirebaseFirestoreCombine-Community */ = {
			isa = XCSwiftPackageProductDependency;
			package = 7286FCF22B7CB59A00F0E2AF /* XCRemoteSwiftPackageReference "firebase-ios-sdk" */;
			productName = "FirebaseFirestoreCombine-Community";
		};
		7286FCF92B7CB59A00F0E2AF /* FirebaseStorage */ = {
			isa = XCSwiftPackageProductDependency;
			package = 7286FCF22B7CB59A00F0E2AF /* XCRemoteSwiftPackageReference "firebase-ios-sdk" */;
			productName = FirebaseStorage;
		};
		72BA74FE2B7E31880044BE21 /* ImageSlideshow */ = {
			isa = XCSwiftPackageProductDependency;
			package = 72BA74FD2B7E2E5A0044BE21 /* XCRemoteSwiftPackageReference "ImageSlideshow" */;
			productName = ImageSlideshow;
		};
		72BA75022B7E31880044BE21 /* ImageSlideshow/Kingfisher */ = {
			isa = XCSwiftPackageProductDependency;
			package = 72BA74FD2B7E2E5A0044BE21 /* XCRemoteSwiftPackageReference "ImageSlideshow" */;
			productName = ImageSlideshow/Kingfisher;
		};
/* End XCSwiftPackageProductDependency section */
	};
	rootObject = 7286FCD12B7CB47F00F0E2AF /* Project object */;
}
